
Microsoft Visual Studio Solution File, Format Version 12.00
# Visual Studio Version 16
VisualStudioVersion = 16.0.30503.244
MinimumVisualStudioVersion = 15.0.26124.0
Project("{2150E333-8FDC-42A3-9474-1A3956D46DE8}") = "Domain", "Domain", "{FDA6536C-5654-427B-A9CB-BF3ADC8295FA}"
EndProject
Project("{9A19103F-16F7-4668-BE54-9A1E7A4F7556}") = "Stize.Domain", "Domain\Core\Stize.Domain.csproj", "{2800878F-B8D7-4271-8BAA-2BD377BDD96C}"
EndProject
Project("{9A19103F-16F7-4668-BE54-9A1E7A4F7556}") = "Stize.Domain.i18n", "Domain\i18n\Stize.Domain.i18n.csproj", "{22D5B16C-E3F8-4410-B4FC-F52110648BCC}"
EndProject
Project("{2150E333-8FDC-42A3-9474-1A3956D46DE8}") = "DotNet", "DotNet", "{98DDAA5F-7B46-4A29-B76C-50D95A9433F2}"
EndProject
Project("{9A19103F-16F7-4668-BE54-9A1E7A4F7556}") = "Stize.DotNet.Delta", "DotNet\Delta\Stize.DotNet.Delta.csproj", "{4351775F-0A56-418F-AD05-20BC7BE152C0}"
EndProject
Project("{9A19103F-16F7-4668-BE54-9A1E7A4F7556}") = "Stize.DotNet.Extensions", "DotNet\Extensions\Stize.DotNet.Extensions.csproj", "{17A72E7A-CD72-4350-8035-8019ADDD8BB1}"
EndProject
Project("{9A19103F-16F7-4668-BE54-9A1E7A4F7556}") = "Stize.DotNet.FileSystem", "DotNet\FileSystem\Stize.DotNet.FileSystem.csproj", "{88E104B4-8366-437C-A08C-26C6EF104AE4}"
EndProject
Project("{9A19103F-16F7-4668-BE54-9A1E7A4F7556}") = "Stize.DotNet.Providers", "DotNet\Providers\Stize.DotNet.Providers.csproj", "{0E5E7527-CA16-4D24-9256-1FA2FB9165C1}"
EndProject
Project("{9A19103F-16F7-4668-BE54-9A1E7A4F7556}") = "Stize.DotNet.Result", "DotNet\Result\Stize.DotNet.Result.csproj", "{F22DBF92-35FC-4ED7-951D-F5138313B7FF}"
EndProject
Project("{9A19103F-16F7-4668-BE54-9A1E7A4F7556}") = "Stize.DotNet.Search", "DotNet\Search\Stize.DotNet.Search.csproj", "{8622738B-E6B0-490C-8AE3-797973FA58F7}"
EndProject
Project("{9A19103F-16F7-4668-BE54-9A1E7A4F7556}") = "Stize.DotNet.Specification", "DotNet\Specification\Stize.DotNet.Specification.csproj", "{8F4A0E43-249A-4CA7-853C-5D8946847454}"
EndProject
Project("{2150E333-8FDC-42A3-9474-1A3956D46DE8}") = "Hosting", "Hosting", "{75EE2542-3CBC-431F-82E4-0F3AB4C166C7}"
EndProject
Project("{9A19103F-16F7-4668-BE54-9A1E7A4F7556}") = "Stize.Hosting.AspNetCore", "Hosting\AspNetCore\Stize.Hosting.AspNetCore.csproj", "{C9D75D98-151F-4CF2-AE43-9F9D3E191CDB}"
EndProject
Project("{9A19103F-16F7-4668-BE54-9A1E7A4F7556}") = "Stize.Hosting.AspNetCore.Delta", "Hosting\AspNetCore.Delta\Stize.Hosting.AspNetCore.Delta.csproj", "{38790678-FF04-4400-A437-B33C264D0642}"
EndProject
Project("{2150E333-8FDC-42A3-9474-1A3956D46DE8}") = "Mapping", "Mapping", "{95D91F06-6698-4700-A00E-19050EEC382E}"
EndProject
Project("{9A19103F-16F7-4668-BE54-9A1E7A4F7556}") = "Stize.Mapping.AutoMapper", "Mapping\AutoMapper\Stize.Mapping.AutoMapper.csproj", "{120C8BA5-16FD-48EF-AAD3-2DEFE367E3E9}"
EndProject
Project("{9A19103F-16F7-4668-BE54-9A1E7A4F7556}") = "Stize.Mapping", "Mapping\Core\Stize.Mapping.csproj", "{97D235F7-05B0-4E34-BA90-D38B250913DE}"
EndProject
Project("{2150E333-8FDC-42A3-9474-1A3956D46DE8}") = "Persistence", "Persistence", "{BD6E3DF8-40C8-4C37-A65C-D2D08B3C0301}"
EndProject
Project("{9A19103F-16F7-4668-BE54-9A1E7A4F7556}") = "Stize.Persistence", "Persistence\Core\Stize.Persistence.csproj", "{88059FA1-D0F1-4937-A437-8308B872447B}"
EndProject
Project("{9A19103F-16F7-4668-BE54-9A1E7A4F7556}") = "Stize.Persistence.Repository", "Persistence\Repository\Stize.Persistence.Repository.csproj", "{3153C503-5A40-46BF-916B-FAEDB2289C5E}"
EndProject
Project("{9A19103F-16F7-4668-BE54-9A1E7A4F7556}") = "Stize.Persistence.Repository.EFCore", "Persistence\Repository.EFCore\Stize.Persistence.Repository.EFCore.csproj", "{1209E6DD-723E-49CE-A033-3F47FC8C79A6}"
EndProject
Project("{9A19103F-16F7-4668-BE54-9A1E7A4F7556}") = "Stize.DotNet.Search.Specification", "DotNet\Search.Specification\Stize.DotNet.Search.Specification.csproj", "{D7CA0A70-817A-4046-993F-0577DA558627}"
EndProject
Project("{9A19103F-16F7-4668-BE54-9A1E7A4F7556}") = "Stize.DotNet.Json", "DotNet\Json\Stize.DotNet.Json.csproj", "{725D9DA0-EC6E-47FB-A969-C76703CD1EB0}"
EndProject
Global
	GlobalSection(SolutionConfigurationPlatforms) = preSolution
		Debug|Any CPU = Debug|Any CPU
		Debug|x64 = Debug|x64
		Debug|x86 = Debug|x86
		Release|Any CPU = Release|Any CPU
		Release|x64 = Release|x64
		Release|x86 = Release|x86
	EndGlobalSection
	GlobalSection(ProjectConfigurationPlatforms) = postSolution
		{2800878F-B8D7-4271-8BAA-2BD377BDD96C}.Debug|Any CPU.ActiveCfg = Debug|Any CPU
		{2800878F-B8D7-4271-8BAA-2BD377BDD96C}.Debug|Any CPU.Build.0 = Debug|Any CPU
		{2800878F-B8D7-4271-8BAA-2BD377BDD96C}.Debug|x64.ActiveCfg = Debug|Any CPU
		{2800878F-B8D7-4271-8BAA-2BD377BDD96C}.Debug|x64.Build.0 = Debug|Any CPU
		{2800878F-B8D7-4271-8BAA-2BD377BDD96C}.Debug|x86.ActiveCfg = Debug|Any CPU
		{2800878F-B8D7-4271-8BAA-2BD377BDD96C}.Debug|x86.Build.0 = Debug|Any CPU
		{2800878F-B8D7-4271-8BAA-2BD377BDD96C}.Release|Any CPU.ActiveCfg = Release|Any CPU
		{2800878F-B8D7-4271-8BAA-2BD377BDD96C}.Release|Any CPU.Build.0 = Release|Any CPU
		{2800878F-B8D7-4271-8BAA-2BD377BDD96C}.Release|x64.ActiveCfg = Release|Any CPU
		{2800878F-B8D7-4271-8BAA-2BD377BDD96C}.Release|x64.Build.0 = Release|Any CPU
		{2800878F-B8D7-4271-8BAA-2BD377BDD96C}.Release|x86.ActiveCfg = Release|Any CPU
		{2800878F-B8D7-4271-8BAA-2BD377BDD96C}.Release|x86.Build.0 = Release|Any CPU
		{22D5B16C-E3F8-4410-B4FC-F52110648BCC}.Debug|Any CPU.ActiveCfg = Debug|Any CPU
		{22D5B16C-E3F8-4410-B4FC-F52110648BCC}.Debug|Any CPU.Build.0 = Debug|Any CPU
		{22D5B16C-E3F8-4410-B4FC-F52110648BCC}.Debug|x64.ActiveCfg = Debug|Any CPU
		{22D5B16C-E3F8-4410-B4FC-F52110648BCC}.Debug|x64.Build.0 = Debug|Any CPU
		{22D5B16C-E3F8-4410-B4FC-F52110648BCC}.Debug|x86.ActiveCfg = Debug|Any CPU
		{22D5B16C-E3F8-4410-B4FC-F52110648BCC}.Debug|x86.Build.0 = Debug|Any CPU
		{22D5B16C-E3F8-4410-B4FC-F52110648BCC}.Release|Any CPU.ActiveCfg = Release|Any CPU
		{22D5B16C-E3F8-4410-B4FC-F52110648BCC}.Release|Any CPU.Build.0 = Release|Any CPU
		{22D5B16C-E3F8-4410-B4FC-F52110648BCC}.Release|x64.ActiveCfg = Release|Any CPU
		{22D5B16C-E3F8-4410-B4FC-F52110648BCC}.Release|x64.Build.0 = Release|Any CPU
		{22D5B16C-E3F8-4410-B4FC-F52110648BCC}.Release|x86.ActiveCfg = Release|Any CPU
		{22D5B16C-E3F8-4410-B4FC-F52110648BCC}.Release|x86.Build.0 = Release|Any CPU
		{4351775F-0A56-418F-AD05-20BC7BE152C0}.Debug|Any CPU.ActiveCfg = Debug|Any CPU
		{4351775F-0A56-418F-AD05-20BC7BE152C0}.Debug|Any CPU.Build.0 = Debug|Any CPU
		{4351775F-0A56-418F-AD05-20BC7BE152C0}.Debug|x64.ActiveCfg = Debug|Any CPU
		{4351775F-0A56-418F-AD05-20BC7BE152C0}.Debug|x64.Build.0 = Debug|Any CPU
		{4351775F-0A56-418F-AD05-20BC7BE152C0}.Debug|x86.ActiveCfg = Debug|Any CPU
		{4351775F-0A56-418F-AD05-20BC7BE152C0}.Debug|x86.Build.0 = Debug|Any CPU
		{4351775F-0A56-418F-AD05-20BC7BE152C0}.Release|Any CPU.ActiveCfg = Release|Any CPU
		{4351775F-0A56-418F-AD05-20BC7BE152C0}.Release|Any CPU.Build.0 = Release|Any CPU
		{4351775F-0A56-418F-AD05-20BC7BE152C0}.Release|x64.ActiveCfg = Release|Any CPU
		{4351775F-0A56-418F-AD05-20BC7BE152C0}.Release|x64.Build.0 = Release|Any CPU
		{4351775F-0A56-418F-AD05-20BC7BE152C0}.Release|x86.ActiveCfg = Release|Any CPU
		{4351775F-0A56-418F-AD05-20BC7BE152C0}.Release|x86.Build.0 = Release|Any CPU
		{17A72E7A-CD72-4350-8035-8019ADDD8BB1}.Debug|Any CPU.ActiveCfg = Debug|Any CPU
		{17A72E7A-CD72-4350-8035-8019ADDD8BB1}.Debug|Any CPU.Build.0 = Debug|Any CPU
		{17A72E7A-CD72-4350-8035-8019ADDD8BB1}.Debug|x64.ActiveCfg = Debug|Any CPU
		{17A72E7A-CD72-4350-8035-8019ADDD8BB1}.Debug|x64.Build.0 = Debug|Any CPU
		{17A72E7A-CD72-4350-8035-8019ADDD8BB1}.Debug|x86.ActiveCfg = Debug|Any CPU
		{17A72E7A-CD72-4350-8035-8019ADDD8BB1}.Debug|x86.Build.0 = Debug|Any CPU
		{17A72E7A-CD72-4350-8035-8019ADDD8BB1}.Release|Any CPU.ActiveCfg = Release|Any CPU
		{17A72E7A-CD72-4350-8035-8019ADDD8BB1}.Release|Any CPU.Build.0 = Release|Any CPU
		{17A72E7A-CD72-4350-8035-8019ADDD8BB1}.Release|x64.ActiveCfg = Release|Any CPU
		{17A72E7A-CD72-4350-8035-8019ADDD8BB1}.Release|x64.Build.0 = Release|Any CPU
		{17A72E7A-CD72-4350-8035-8019ADDD8BB1}.Release|x86.ActiveCfg = Release|Any CPU
		{17A72E7A-CD72-4350-8035-8019ADDD8BB1}.Release|x86.Build.0 = Release|Any CPU
		{88E104B4-8366-437C-A08C-26C6EF104AE4}.Debug|Any CPU.ActiveCfg = Debug|Any CPU
		{88E104B4-8366-437C-A08C-26C6EF104AE4}.Debug|Any CPU.Build.0 = Debug|Any CPU
		{88E104B4-8366-437C-A08C-26C6EF104AE4}.Debug|x64.ActiveCfg = Debug|Any CPU
		{88E104B4-8366-437C-A08C-26C6EF104AE4}.Debug|x64.Build.0 = Debug|Any CPU
		{88E104B4-8366-437C-A08C-26C6EF104AE4}.Debug|x86.ActiveCfg = Debug|Any CPU
		{88E104B4-8366-437C-A08C-26C6EF104AE4}.Debug|x86.Build.0 = Debug|Any CPU
		{88E104B4-8366-437C-A08C-26C6EF104AE4}.Release|Any CPU.ActiveCfg = Release|Any CPU
		{88E104B4-8366-437C-A08C-26C6EF104AE4}.Release|Any CPU.Build.0 = Release|Any CPU
		{88E104B4-8366-437C-A08C-26C6EF104AE4}.Release|x64.ActiveCfg = Release|Any CPU
		{88E104B4-8366-437C-A08C-26C6EF104AE4}.Release|x64.Build.0 = Release|Any CPU
		{88E104B4-8366-437C-A08C-26C6EF104AE4}.Release|x86.ActiveCfg = Release|Any CPU
		{88E104B4-8366-437C-A08C-26C6EF104AE4}.Release|x86.Build.0 = Release|Any CPU
		{0E5E7527-CA16-4D24-9256-1FA2FB9165C1}.Debug|Any CPU.ActiveCfg = Debug|Any CPU
		{0E5E7527-CA16-4D24-9256-1FA2FB9165C1}.Debug|Any CPU.Build.0 = Debug|Any CPU
		{0E5E7527-CA16-4D24-9256-1FA2FB9165C1}.Debug|x64.ActiveCfg = Debug|Any CPU
		{0E5E7527-CA16-4D24-9256-1FA2FB9165C1}.Debug|x64.Build.0 = Debug|Any CPU
		{0E5E7527-CA16-4D24-9256-1FA2FB9165C1}.Debug|x86.ActiveCfg = Debug|Any CPU
		{0E5E7527-CA16-4D24-9256-1FA2FB9165C1}.Debug|x86.Build.0 = Debug|Any CPU
		{0E5E7527-CA16-4D24-9256-1FA2FB9165C1}.Release|Any CPU.ActiveCfg = Release|Any CPU
		{0E5E7527-CA16-4D24-9256-1FA2FB9165C1}.Release|Any CPU.Build.0 = Release|Any CPU
		{0E5E7527-CA16-4D24-9256-1FA2FB9165C1}.Release|x64.ActiveCfg = Release|Any CPU
		{0E5E7527-CA16-4D24-9256-1FA2FB9165C1}.Release|x64.Build.0 = Release|Any CPU
		{0E5E7527-CA16-4D24-9256-1FA2FB9165C1}.Release|x86.ActiveCfg = Release|Any CPU
		{0E5E7527-CA16-4D24-9256-1FA2FB9165C1}.Release|x86.Build.0 = Release|Any CPU
		{F22DBF92-35FC-4ED7-951D-F5138313B7FF}.Debug|Any CPU.ActiveCfg = Debug|Any CPU
		{F22DBF92-35FC-4ED7-951D-F5138313B7FF}.Debug|Any CPU.Build.0 = Debug|Any CPU
		{F22DBF92-35FC-4ED7-951D-F5138313B7FF}.Debug|x64.ActiveCfg = Debug|Any CPU
		{F22DBF92-35FC-4ED7-951D-F5138313B7FF}.Debug|x64.Build.0 = Debug|Any CPU
		{F22DBF92-35FC-4ED7-951D-F5138313B7FF}.Debug|x86.ActiveCfg = Debug|Any CPU
		{F22DBF92-35FC-4ED7-951D-F5138313B7FF}.Debug|x86.Build.0 = Debug|Any CPU
		{F22DBF92-35FC-4ED7-951D-F5138313B7FF}.Release|Any CPU.ActiveCfg = Release|Any CPU
		{F22DBF92-35FC-4ED7-951D-F5138313B7FF}.Release|Any CPU.Build.0 = Release|Any CPU
		{F22DBF92-35FC-4ED7-951D-F5138313B7FF}.Release|x64.ActiveCfg = Release|Any CPU
		{F22DBF92-35FC-4ED7-951D-F5138313B7FF}.Release|x64.Build.0 = Release|Any CPU
		{F22DBF92-35FC-4ED7-951D-F5138313B7FF}.Release|x86.ActiveCfg = Release|Any CPU
		{F22DBF92-35FC-4ED7-951D-F5138313B7FF}.Release|x86.Build.0 = Release|Any CPU
		{8622738B-E6B0-490C-8AE3-797973FA58F7}.Debug|Any CPU.ActiveCfg = Debug|Any CPU
		{8622738B-E6B0-490C-8AE3-797973FA58F7}.Debug|Any CPU.Build.0 = Debug|Any CPU
		{8622738B-E6B0-490C-8AE3-797973FA58F7}.Debug|x64.ActiveCfg = Debug|Any CPU
		{8622738B-E6B0-490C-8AE3-797973FA58F7}.Debug|x64.Build.0 = Debug|Any CPU
		{8622738B-E6B0-490C-8AE3-797973FA58F7}.Debug|x86.ActiveCfg = Debug|Any CPU
		{8622738B-E6B0-490C-8AE3-797973FA58F7}.Debug|x86.Build.0 = Debug|Any CPU
		{8622738B-E6B0-490C-8AE3-797973FA58F7}.Release|Any CPU.ActiveCfg = Release|Any CPU
		{8622738B-E6B0-490C-8AE3-797973FA58F7}.Release|Any CPU.Build.0 = Release|Any CPU
		{8622738B-E6B0-490C-8AE3-797973FA58F7}.Release|x64.ActiveCfg = Release|Any CPU
		{8622738B-E6B0-490C-8AE3-797973FA58F7}.Release|x64.Build.0 = Release|Any CPU
		{8622738B-E6B0-490C-8AE3-797973FA58F7}.Release|x86.ActiveCfg = Release|Any CPU
		{8622738B-E6B0-490C-8AE3-797973FA58F7}.Release|x86.Build.0 = Release|Any CPU
		{8F4A0E43-249A-4CA7-853C-5D8946847454}.Debug|Any CPU.ActiveCfg = Debug|Any CPU
		{8F4A0E43-249A-4CA7-853C-5D8946847454}.Debug|Any CPU.Build.0 = Debug|Any CPU
		{8F4A0E43-249A-4CA7-853C-5D8946847454}.Debug|x64.ActiveCfg = Debug|Any CPU
		{8F4A0E43-249A-4CA7-853C-5D8946847454}.Debug|x64.Build.0 = Debug|Any CPU
		{8F4A0E43-249A-4CA7-853C-5D8946847454}.Debug|x86.ActiveCfg = Debug|Any CPU
		{8F4A0E43-249A-4CA7-853C-5D8946847454}.Debug|x86.Build.0 = Debug|Any CPU
		{8F4A0E43-249A-4CA7-853C-5D8946847454}.Release|Any CPU.ActiveCfg = Release|Any CPU
		{8F4A0E43-249A-4CA7-853C-5D8946847454}.Release|Any CPU.Build.0 = Release|Any CPU
		{8F4A0E43-249A-4CA7-853C-5D8946847454}.Release|x64.ActiveCfg = Release|Any CPU
		{8F4A0E43-249A-4CA7-853C-5D8946847454}.Release|x64.Build.0 = Release|Any CPU
		{8F4A0E43-249A-4CA7-853C-5D8946847454}.Release|x86.ActiveCfg = Release|Any CPU
		{8F4A0E43-249A-4CA7-853C-5D8946847454}.Release|x86.Build.0 = Release|Any CPU
		{C9D75D98-151F-4CF2-AE43-9F9D3E191CDB}.Debug|Any CPU.ActiveCfg = Debug|Any CPU
		{C9D75D98-151F-4CF2-AE43-9F9D3E191CDB}.Debug|Any CPU.Build.0 = Debug|Any CPU
		{C9D75D98-151F-4CF2-AE43-9F9D3E191CDB}.Debug|x64.ActiveCfg = Debug|Any CPU
		{C9D75D98-151F-4CF2-AE43-9F9D3E191CDB}.Debug|x64.Build.0 = Debug|Any CPU
		{C9D75D98-151F-4CF2-AE43-9F9D3E191CDB}.Debug|x86.ActiveCfg = Debug|Any CPU
		{C9D75D98-151F-4CF2-AE43-9F9D3E191CDB}.Debug|x86.Build.0 = Debug|Any CPU
		{C9D75D98-151F-4CF2-AE43-9F9D3E191CDB}.Release|Any CPU.ActiveCfg = Release|Any CPU
		{C9D75D98-151F-4CF2-AE43-9F9D3E191CDB}.Release|Any CPU.Build.0 = Release|Any CPU
		{C9D75D98-151F-4CF2-AE43-9F9D3E191CDB}.Release|x64.ActiveCfg = Release|Any CPU
		{C9D75D98-151F-4CF2-AE43-9F9D3E191CDB}.Release|x64.Build.0 = Release|Any CPU
		{C9D75D98-151F-4CF2-AE43-9F9D3E191CDB}.Release|x86.ActiveCfg = Release|Any CPU
		{C9D75D98-151F-4CF2-AE43-9F9D3E191CDB}.Release|x86.Build.0 = Release|Any CPU
		{38790678-FF04-4400-A437-B33C264D0642}.Debug|Any CPU.ActiveCfg = Debug|Any CPU
		{38790678-FF04-4400-A437-B33C264D0642}.Debug|Any CPU.Build.0 = Debug|Any CPU
		{38790678-FF04-4400-A437-B33C264D0642}.Debug|x64.ActiveCfg = Debug|Any CPU
		{38790678-FF04-4400-A437-B33C264D0642}.Debug|x64.Build.0 = Debug|Any CPU
		{38790678-FF04-4400-A437-B33C264D0642}.Debug|x86.ActiveCfg = Debug|Any CPU
		{38790678-FF04-4400-A437-B33C264D0642}.Debug|x86.Build.0 = Debug|Any CPU
		{38790678-FF04-4400-A437-B33C264D0642}.Release|Any CPU.ActiveCfg = Release|Any CPU
		{38790678-FF04-4400-A437-B33C264D0642}.Release|Any CPU.Build.0 = Release|Any CPU
		{38790678-FF04-4400-A437-B33C264D0642}.Release|x64.ActiveCfg = Release|Any CPU
		{38790678-FF04-4400-A437-B33C264D0642}.Release|x64.Build.0 = Release|Any CPU
		{38790678-FF04-4400-A437-B33C264D0642}.Release|x86.ActiveCfg = Release|Any CPU
		{38790678-FF04-4400-A437-B33C264D0642}.Release|x86.Build.0 = Release|Any CPU
		{120C8BA5-16FD-48EF-AAD3-2DEFE367E3E9}.Debug|Any CPU.ActiveCfg = Debug|Any CPU
		{120C8BA5-16FD-48EF-AAD3-2DEFE367E3E9}.Debug|Any CPU.Build.0 = Debug|Any CPU
		{120C8BA5-16FD-48EF-AAD3-2DEFE367E3E9}.Debug|x64.ActiveCfg = Debug|Any CPU
		{120C8BA5-16FD-48EF-AAD3-2DEFE367E3E9}.Debug|x64.Build.0 = Debug|Any CPU
		{120C8BA5-16FD-48EF-AAD3-2DEFE367E3E9}.Debug|x86.ActiveCfg = Debug|Any CPU
		{120C8BA5-16FD-48EF-AAD3-2DEFE367E3E9}.Debug|x86.Build.0 = Debug|Any CPU
		{120C8BA5-16FD-48EF-AAD3-2DEFE367E3E9}.Release|Any CPU.ActiveCfg = Release|Any CPU
		{120C8BA5-16FD-48EF-AAD3-2DEFE367E3E9}.Release|Any CPU.Build.0 = Release|Any CPU
		{120C8BA5-16FD-48EF-AAD3-2DEFE367E3E9}.Release|x64.ActiveCfg = Release|Any CPU
		{120C8BA5-16FD-48EF-AAD3-2DEFE367E3E9}.Release|x64.Build.0 = Release|Any CPU
		{120C8BA5-16FD-48EF-AAD3-2DEFE367E3E9}.Release|x86.ActiveCfg = Release|Any CPU
		{120C8BA5-16FD-48EF-AAD3-2DEFE367E3E9}.Release|x86.Build.0 = Release|Any CPU
		{97D235F7-05B0-4E34-BA90-D38B250913DE}.Debug|Any CPU.ActiveCfg = Debug|Any CPU
		{97D235F7-05B0-4E34-BA90-D38B250913DE}.Debug|Any CPU.Build.0 = Debug|Any CPU
		{97D235F7-05B0-4E34-BA90-D38B250913DE}.Debug|x64.ActiveCfg = Debug|Any CPU
		{97D235F7-05B0-4E34-BA90-D38B250913DE}.Debug|x64.Build.0 = Debug|Any CPU
		{97D235F7-05B0-4E34-BA90-D38B250913DE}.Debug|x86.ActiveCfg = Debug|Any CPU
		{97D235F7-05B0-4E34-BA90-D38B250913DE}.Debug|x86.Build.0 = Debug|Any CPU
		{97D235F7-05B0-4E34-BA90-D38B250913DE}.Release|Any CPU.ActiveCfg = Release|Any CPU
		{97D235F7-05B0-4E34-BA90-D38B250913DE}.Release|Any CPU.Build.0 = Release|Any CPU
		{97D235F7-05B0-4E34-BA90-D38B250913DE}.Release|x64.ActiveCfg = Release|Any CPU
		{97D235F7-05B0-4E34-BA90-D38B250913DE}.Release|x64.Build.0 = Release|Any CPU
		{97D235F7-05B0-4E34-BA90-D38B250913DE}.Release|x86.ActiveCfg = Release|Any CPU
		{97D235F7-05B0-4E34-BA90-D38B250913DE}.Release|x86.Build.0 = Release|Any CPU
		{88059FA1-D0F1-4937-A437-8308B872447B}.Debug|Any CPU.ActiveCfg = Debug|Any CPU
		{88059FA1-D0F1-4937-A437-8308B872447B}.Debug|Any CPU.Build.0 = Debug|Any CPU
		{88059FA1-D0F1-4937-A437-8308B872447B}.Debug|x64.ActiveCfg = Debug|Any CPU
		{88059FA1-D0F1-4937-A437-8308B872447B}.Debug|x64.Build.0 = Debug|Any CPU
		{88059FA1-D0F1-4937-A437-8308B872447B}.Debug|x86.ActiveCfg = Debug|Any CPU
		{88059FA1-D0F1-4937-A437-8308B872447B}.Debug|x86.Build.0 = Debug|Any CPU
		{88059FA1-D0F1-4937-A437-8308B872447B}.Release|Any CPU.ActiveCfg = Release|Any CPU
		{88059FA1-D0F1-4937-A437-8308B872447B}.Release|Any CPU.Build.0 = Release|Any CPU
		{88059FA1-D0F1-4937-A437-8308B872447B}.Release|x64.ActiveCfg = Release|Any CPU
		{88059FA1-D0F1-4937-A437-8308B872447B}.Release|x64.Build.0 = Release|Any CPU
		{88059FA1-D0F1-4937-A437-8308B872447B}.Release|x86.ActiveCfg = Release|Any CPU
		{88059FA1-D0F1-4937-A437-8308B872447B}.Release|x86.Build.0 = Release|Any CPU
		{3153C503-5A40-46BF-916B-FAEDB2289C5E}.Debug|Any CPU.ActiveCfg = Debug|Any CPU
		{3153C503-5A40-46BF-916B-FAEDB2289C5E}.Debug|Any CPU.Build.0 = Debug|Any CPU
		{3153C503-5A40-46BF-916B-FAEDB2289C5E}.Debug|x64.ActiveCfg = Debug|Any CPU
		{3153C503-5A40-46BF-916B-FAEDB2289C5E}.Debug|x64.Build.0 = Debug|Any CPU
		{3153C503-5A40-46BF-916B-FAEDB2289C5E}.Debug|x86.ActiveCfg = Debug|Any CPU
		{3153C503-5A40-46BF-916B-FAEDB2289C5E}.Debug|x86.Build.0 = Debug|Any CPU
		{3153C503-5A40-46BF-916B-FAEDB2289C5E}.Release|Any CPU.ActiveCfg = Release|Any CPU
		{3153C503-5A40-46BF-916B-FAEDB2289C5E}.Release|Any CPU.Build.0 = Release|Any CPU
		{3153C503-5A40-46BF-916B-FAEDB2289C5E}.Release|x64.ActiveCfg = Release|Any CPU
		{3153C503-5A40-46BF-916B-FAEDB2289C5E}.Release|x64.Build.0 = Release|Any CPU
		{3153C503-5A40-46BF-916B-FAEDB2289C5E}.Release|x86.ActiveCfg = Release|Any CPU
		{3153C503-5A40-46BF-916B-FAEDB2289C5E}.Release|x86.Build.0 = Release|Any CPU
		{1209E6DD-723E-49CE-A033-3F47FC8C79A6}.Debug|Any CPU.ActiveCfg = Debug|Any CPU
		{1209E6DD-723E-49CE-A033-3F47FC8C79A6}.Debug|Any CPU.Build.0 = Debug|Any CPU
		{1209E6DD-723E-49CE-A033-3F47FC8C79A6}.Debug|x64.ActiveCfg = Debug|Any CPU
		{1209E6DD-723E-49CE-A033-3F47FC8C79A6}.Debug|x64.Build.0 = Debug|Any CPU
		{1209E6DD-723E-49CE-A033-3F47FC8C79A6}.Debug|x86.ActiveCfg = Debug|Any CPU
		{1209E6DD-723E-49CE-A033-3F47FC8C79A6}.Debug|x86.Build.0 = Debug|Any CPU
		{1209E6DD-723E-49CE-A033-3F47FC8C79A6}.Release|Any CPU.ActiveCfg = Release|Any CPU
		{1209E6DD-723E-49CE-A033-3F47FC8C79A6}.Release|Any CPU.Build.0 = Release|Any CPU
		{1209E6DD-723E-49CE-A033-3F47FC8C79A6}.Release|x64.ActiveCfg = Release|Any CPU
		{1209E6DD-723E-49CE-A033-3F47FC8C79A6}.Release|x64.Build.0 = Release|Any CPU
		{1209E6DD-723E-49CE-A033-3F47FC8C79A6}.Release|x86.ActiveCfg = Release|Any CPU
		{1209E6DD-723E-49CE-A033-3F47FC8C79A6}.Release|x86.Build.0 = Release|Any CPU
		{D7CA0A70-817A-4046-993F-0577DA558627}.Debug|Any CPU.ActiveCfg = Debug|Any CPU
		{D7CA0A70-817A-4046-993F-0577DA558627}.Debug|Any CPU.Build.0 = Debug|Any CPU
		{D7CA0A70-817A-4046-993F-0577DA558627}.Debug|x64.ActiveCfg = Debug|Any CPU
		{D7CA0A70-817A-4046-993F-0577DA558627}.Debug|x64.Build.0 = Debug|Any CPU
		{D7CA0A70-817A-4046-993F-0577DA558627}.Debug|x86.ActiveCfg = Debug|Any CPU
		{D7CA0A70-817A-4046-993F-0577DA558627}.Debug|x86.Build.0 = Debug|Any CPU
		{D7CA0A70-817A-4046-993F-0577DA558627}.Release|Any CPU.ActiveCfg = Release|Any CPU
		{D7CA0A70-817A-4046-993F-0577DA558627}.Release|Any CPU.Build.0 = Release|Any CPU
		{D7CA0A70-817A-4046-993F-0577DA558627}.Release|x64.ActiveCfg = Release|Any CPU
		{D7CA0A70-817A-4046-993F-0577DA558627}.Release|x64.Build.0 = Release|Any CPU
		{D7CA0A70-817A-4046-993F-0577DA558627}.Release|x86.ActiveCfg = Release|Any CPU
		{D7CA0A70-817A-4046-993F-0577DA558627}.Release|x86.Build.0 = Release|Any CPU
		{725D9DA0-EC6E-47FB-A969-C76703CD1EB0}.Debug|Any CPU.ActiveCfg = Debug|Any CPU
		{725D9DA0-EC6E-47FB-A969-C76703CD1EB0}.Debug|Any CPU.Build.0 = Debug|Any CPU
		{725D9DA0-EC6E-47FB-A969-C76703CD1EB0}.Debug|x64.ActiveCfg = Debug|Any CPU
		{725D9DA0-EC6E-47FB-A969-C76703CD1EB0}.Debug|x64.Build.0 = Debug|Any CPU
		{725D9DA0-EC6E-47FB-A969-C76703CD1EB0}.Debug|x86.ActiveCfg = Debug|Any CPU
		{725D9DA0-EC6E-47FB-A969-C76703CD1EB0}.Debug|x86.Build.0 = Debug|Any CPU
		{725D9DA0-EC6E-47FB-A969-C76703CD1EB0}.Release|Any CPU.ActiveCfg = Release|Any CPU
		{725D9DA0-EC6E-47FB-A969-C76703CD1EB0}.Release|Any CPU.Build.0 = Release|Any CPU
		{725D9DA0-EC6E-47FB-A969-C76703CD1EB0}.Release|x64.ActiveCfg = Release|Any CPU
		{725D9DA0-EC6E-47FB-A969-C76703CD1EB0}.Release|x64.Build.0 = Release|Any CPU
		{725D9DA0-EC6E-47FB-A969-C76703CD1EB0}.Release|x86.ActiveCfg = Release|Any CPU
		{725D9DA0-EC6E-47FB-A969-C76703CD1EB0}.Release|x86.Build.0 = Release|Any CPU
	EndGlobalSection
	GlobalSection(SolutionProperties) = preSolution
		HideSolutionNode = FALSE
	EndGlobalSection
	GlobalSection(NestedProjects) = preSolution
		{2800878F-B8D7-4271-8BAA-2BD377BDD96C} = {FDA6536C-5654-427B-A9CB-BF3ADC8295FA}
		{22D5B16C-E3F8-4410-B4FC-F52110648BCC} = {FDA6536C-5654-427B-A9CB-BF3ADC8295FA}
		{4351775F-0A56-418F-AD05-20BC7BE152C0} = {98DDAA5F-7B46-4A29-B76C-50D95A9433F2}
		{17A72E7A-CD72-4350-8035-8019ADDD8BB1} = {98DDAA5F-7B46-4A29-B76C-50D95A9433F2}
		{88E104B4-8366-437C-A08C-26C6EF104AE4} = {98DDAA5F-7B46-4A29-B76C-50D95A9433F2}
		{0E5E7527-CA16-4D24-9256-1FA2FB9165C1} = {98DDAA5F-7B46-4A29-B76C-50D95A9433F2}
		{F22DBF92-35FC-4ED7-951D-F5138313B7FF} = {98DDAA5F-7B46-4A29-B76C-50D95A9433F2}
		{8622738B-E6B0-490C-8AE3-797973FA58F7} = {98DDAA5F-7B46-4A29-B76C-50D95A9433F2}
		{8F4A0E43-249A-4CA7-853C-5D8946847454} = {98DDAA5F-7B46-4A29-B76C-50D95A9433F2}
		{C9D75D98-151F-4CF2-AE43-9F9D3E191CDB} = {75EE2542-3CBC-431F-82E4-0F3AB4C166C7}
		{38790678-FF04-4400-A437-B33C264D0642} = {75EE2542-3CBC-431F-82E4-0F3AB4C166C7}
		{120C8BA5-16FD-48EF-AAD3-2DEFE367E3E9} = {95D91F06-6698-4700-A00E-19050EEC382E}
		{97D235F7-05B0-4E34-BA90-D38B250913DE} = {95D91F06-6698-4700-A00E-19050EEC382E}
		{88059FA1-D0F1-4937-A437-8308B872447B} = {BD6E3DF8-40C8-4C37-A65C-D2D08B3C0301}
		{3153C503-5A40-46BF-916B-FAEDB2289C5E} = {BD6E3DF8-40C8-4C37-A65C-D2D08B3C0301}
		{1209E6DD-723E-49CE-A033-3F47FC8C79A6} = {BD6E3DF8-40C8-4C37-A65C-D2D08B3C0301}
		{D7CA0A70-817A-4046-993F-0577DA558627} = {98DDAA5F-7B46-4A29-B76C-50D95A9433F2}
		{725D9DA0-EC6E-47FB-A969-C76703CD1EB0} = {98DDAA5F-7B46-4A29-B76C-50D95A9433F2}
	EndGlobalSection
	GlobalSection(ExtensibilityGlobals) = postSolution
		SolutionGuid = {4FA1DAE7-2613-4103-803A-973605206EDA}
	EndGlobalSection
EndGlobal
